// !$*UTF8*$!
{
	archiveVersion = 1;
	classes = {
	};
	objectVersion = 50;
	objects = {

/* Begin PBXBuildFile section */
		FCB9560625F400BB004DA62F /* AppDelegate.m in Sources */ = {isa = PBXBuildFile; fileRef = FCB9560525F400BB004DA62F /* AppDelegate.m */; };
		FCB9560925F400BB004DA62F /* ViewController.m in Sources */ = {isa = PBXBuildFile; fileRef = FCB9560825F400BB004DA62F /* ViewController.m */; };
		FCB9560B25F400BE004DA62F /* Assets.xcassets in Resources */ = {isa = PBXBuildFile; fileRef = FCB9560A25F400BE004DA62F /* Assets.xcassets */; };
		FCB9560E25F400BE004DA62F /* Main.storyboard in Resources */ = {isa = PBXBuildFile; fileRef = FCB9560C25F400BE004DA62F /* Main.storyboard */; };
		FCB9561125F400BE004DA62F /* main.m in Sources */ = {isa = PBXBuildFile; fileRef = FCB9561025F400BE004DA62F /* main.m */; };
		FCB9561B25F40191004DA62F /* Persona.m in Sources */ = {isa = PBXBuildFile; fileRef = FCB9561A25F40191004DA62F /* Persona.m */; };
/* End PBXBuildFile section */

/* Begin PBXFileReference section */
		FCB9560125F400BB004DA62F /* AppArrayController.app */ = {isa = PBXFileReference; explicitFileType = wrapper.application; includeInIndex = 0; path = AppArrayController.app; sourceTree = BUILT_PRODUCTS_DIR; };
		FCB9560425F400BB004DA62F /* AppDelegate.h */ = {isa = PBXFileReference; lastKnownFileType = sourcecode.c.h; path = AppDelegate.h; sourceTree = "<group>"; };
		FCB9560525F400BB004DA62F /* AppDelegate.m */ = {isa = PBXFileReference; lastKnownFileType = sourcecode.c.objc; path = AppDelegate.m; sourceTree = "<group>"; };
		FCB9560725F400BB004DA62F /* ViewController.h */ = {isa = PBXFileReference; lastKnownFileType = sourcecode.c.h; path = ViewController.h; sourceTree = "<group>"; };
		FCB9560825F400BB004DA62F /* ViewController.m */ = {isa = PBXFileReference; lastKnownFileType = sourcecode.c.objc; path = ViewController.m; sourceTree = "<group>"; };
		FCB9560A25F400BE004DA62F /* Assets.xcassets */ = {isa = PBXFileReference; lastKnownFileType = folder.assetcatalog; path = Assets.xcassets; sourceTree = "<group>"; };
		FCB9560D25F400BE004DA62F /* Base */ = {isa = PBXFileReference; lastKnownFileType = file.storyboard; name = Base; path = Base.lproj/Main.storyboard; sourceTree = "<group>"; };
		FCB9560F25F400BE004DA62F /* Info.plist */ = {isa = PBXFileReference; lastKnownFileType = text.plist.xml; path = Info.plist; sourceTree = "<group>"; };
		FCB9561025F400BE004DA62F /* main.m */ = {isa = PBXFileReference; lastKnownFileType = sourcecode.c.objc; path = main.m; sourceTree = "<group>"; };
		FCB9561225F400BE004DA62F /* AppArrayController.entitlements */ = {isa = PBXFileReference; lastKnownFileType = text.plist.entitlements; path = AppArrayController.entitlements; sourceTree = "<group>"; };
		FCB9561925F40191004DA62F /* Persona.h */ = {isa = PBXFileReference; lastKnownFileType = sourcecode.c.h; path = Persona.h; sourceTree = "<group>"; };
		FCB9561A25F40191004DA62F /* Persona.m */ = {isa = PBXFileReference; lastKnownFileType = sourcecode.c.objc; path = Persona.m; sourceTree = "<group>"; };
/* End PBXFileReference section */

/* Begin PBXFrameworksBuildPhase section */
		FCB955FE25F400BB004DA62F /* Frameworks */ = {
			isa = PBXFrameworksBuildPhase;
			buildActionMask = 2147483647;
			files = (
			);
			runOnlyForDeploymentPostprocessing = 0;
		};
/* End PBXFrameworksBuildPhase section */

/* Begin PBXGroup section */
		FCB955F825F400BB004DA62F = {
			isa = PBXGroup;
			children = (
				FCB9560325F400BB004DA62F /* AppArrayController */,
				FCB9560225F400BB004DA62F /* Products */,
			);
			sourceTree = "<group>";
		};
		FCB9560225F400BB004DA62F /* Products */ = {
			isa = PBXGroup;
			children = (
				FCB9560125F400BB004DA62F /* AppArrayController.app */,
			);
			name = Products;
			sourceTree = "<group>";
		};
		FCB9560325F400BB004DA62F /* AppArrayController */ = {
			isa = PBXGroup;
			children = (
				FCB9560425F400BB004DA62F /* AppDelegate.h */,
				FCB9560525F400BB004DA62F /* AppDelegate.m */,
				FCB9560725F400BB004DA62F /* ViewController.h */,
				FCB9560825F400BB004DA62F /* ViewController.m */,
				FCB9560A25F400BE004DA62F /* Assets.xcassets */,
				FCB9560C25F400BE004DA62F /* Main.storyboard */,
				FCB9560F25F400BE004DA62F /* Info.plist */,
				FCB9561025F400BE004DA62F /* main.m */,
				FCB9561225F400BE004DA62F /* AppArrayController.entitlements */,
				FCB9561925F40191004DA62F /* Persona.h */,
				FCB9561A25F40191004DA62F /* Persona.m */,
			);
			path = AppArrayController;
			sourceTree = "<group>";
		};
/* End PBXGroup section */

/* Begin PBXNativeTarget section */
		FCB9560025F400BB004DA62F /* AppArrayController */ = {
			isa = PBXNativeTarget;
			buildConfigurationList = FCB9561525F400BE004DA62F /* Build configuration list for PBXNativeTarget "AppArrayController" */;
			buildPhases = (
				FCB955FD25F400BB004DA62F /* Sources */,
				FCB955FE25F400BB004DA62F /* Frameworks */,
				FCB955FF25F400BB004DA62F /* Resources */,
			);
			buildRules = (
			);
			dependencies = (
			);
			name = AppArrayController;
			productName = AppArrayController;
			productReference = FCB9560125F400BB004DA62F /* AppArrayController.app */;
			productType = "com.apple.product-type.application";
		};
/* End PBXNativeTarget section */

/* Begin PBXProject section */
		FCB955F925F400BB004DA62F /* Project object */ = {
			isa = PBXProject;
			attributes = {
				LastUpgradeCheck = 1240;
				TargetAttributes = {
					FCB9560025F400BB004DA62F = {
						CreatedOnToolsVersion = 12.4;
					};
				};
			};
			buildConfigurationList = FCB955FC25F400BB004DA62F /* Build configuration list for PBXProject "AppArrayController" */;
			compatibilityVersion = "Xcode 9.3";
			developmentRegion = en;
			hasScannedForEncodings = 0;
			knownRegions = (
				en,
				Base,
			);
			mainGroup = FCB955F825F400BB004DA62F;
			productRefGroup = FCB9560225F400BB004DA62F /* Products */;
			projectDirPath = "";
			projectRoot = "";
			targets = (
				FCB9560025F400BB004DA62F /* AppArrayController */,
			);
		};
/* End PBXProject section */

/* Begin PBXResourcesBuildPhase section */
		FCB955FF25F400BB004DA62F /* Resources */ = {
			isa = PBXResourcesBuildPhase;
			buildActionMask = 2147483647;
			files = (
				FCB9560B25F400BE004DA62F /* Assets.xcassets in Resources */,
				FCB9560E25F400BE004DA62F /* Main.storyboard in Resources */,
			);
			runOnlyForDeploymentPostprocessing = 0;
		};
/* End PBXResourcesBuildPhase section */

/* Begin PBXSourcesBuildPhase section */
		FCB955FD25F400BB004DA62F /* Sources */ = {
			isa = PBXSourcesBuildPhase;
			buildActionMask = 2147483647;
			files = (
				FCB9561B25F40191004DA62F /* Persona.m in Sources */,
				FCB9560925F400BB004DA62F /* ViewController.m in Sources */,
				FCB9561125F400BE004DA62F /* main.m in Sources */,
				FCB9560625F400BB004DA62F /* AppDelegate.m in Sources */,
			);
			runOnlyForDeploymentPostprocessing = 0;
		};
/* End PBXSourcesBuildPhase section */

/* Begin PBXVariantGroup section */
		FCB9560C25F400BE004DA62F /* Main.storyboard */ = {
			isa = PBXVariantGroup;
			children = (
				FCB9560D25F400BE004DA62F /* Base */,
			);
			name = Main.storyboard;
			sourceTree = "<group>";
		};
/* End PBXVariantGroup section */

/* Begin XCBuildConfiguration section */
		FCB9561325F400BE004DA62F /* Debug */ = {
			isa = XCBuildConfiguration;
			buildSettings = {
				ALWAYS_SEARCH_USER_PATHS = NO;
				CLANG_ANALYZER_NONNULL = YES;
				CLANG_ANALYZER_NUMBER_OBJECT_CONVERSION = YES_AGGRESSIVE;
				CLANG_CXX_LANGUAGE_STANDARD = "gnu++14";
				CLANG_CXX_LIBRARY = "libc++";
				CLANG_ENABLE_MODULES = YES;
				CLANG_ENABLE_OBJC_ARC = YES;
				CLANG_ENABLE_OBJC_WEAK = YES;
				CLANG_WARN_BLOCK_CAPTURE_AUTORELEASING = YES;
				CLANG_WARN_BOOL_CONVERSION = YES;
				CLANG_WARN_COMMA = YES;
				CLANG_WARN_CONSTANT_CONVERSION = YES;
				CLANG_WARN_DEPRECATED_OBJC_IMPLEMENTATIONS = YES;
				CLANG_WARN_DIRECT_OBJC_ISA_USAGE = YES_ERROR;
				CLANG_WARN_DOCUMENTATION_COMMENTS = YES;
				CLANG_WARN_EMPTY_BODY = YES;
				CLANG_WARN_ENUM_CONVERSION = YES;
				CLANG_WARN_INFINITE_RECURSION = YES;
				CLANG_WARN_INT_CONVERSION = YES;
				CLANG_WARN_NON_LITERAL_NULL_CONVERSION = YES;
				CLANG_WARN_OBJC_IMPLICIT_RETAIN_SELF = YES;
				CLANG_WARN_OBJC_LITERAL_CONVERSION = YES;
				CLANG_WARN_OBJC_ROOT_CLASS = YES_ERROR;
				CLANG_WARN_QUOTED_INCLUDE_IN_FRAMEWORK_HEADER = YES;
				CLANG_WARN_RANGE_LOOP_ANALYSIS = YES;
				CLANG_WARN_STRICT_PROTOTYPES = YES;
				CLANG_WARN_SUSPICIOUS_MOVE = YES;
				CLANG_WARN_UNGUARDED_AVAILABILITY = YES_AGGRESSIVE;
				CLANG_WARN_UNREACHABLE_CODE = YES;
				CLANG_WARN__DUPLICATE_METHOD_MATCH = YES;
				COPY_PHASE_STRIP = NO;
				DEBUG_INFORMATION_FORMAT = dwarf;
				ENABLE_STRICT_OBJC_MSGSEND = YES;
				ENABLE_TESTABILITY = YES;
				GCC_C_LANGUAGE_STANDARD = gnu11;
				GCC_DYNAMIC_NO_PIC = NO;
				GCC_NO_COMMON_BLOCKS = YES;
				GCC_OPTIMIZATION_LEVEL = 0;
				GCC_PREPROCESSOR_DEFINITIONS = (
					"DEBUG=1",
					"$(inherited)",
				);
				GCC_WARN_64_TO_32_BIT_CONVERSION = YES;
				GCC_WARN_ABOUT_RETURN_TYPE = YES_ERROR;
				GCC_WARN_UNDECLARED_SELECTOR = YES;
				GCC_WARN_UNINITIALIZED_AUTOS = YES_AGGRESSIVE;
				GCC_WARN_UNUSED_FUNCTION = YES;
				GCC_WARN_UNUSED_VARIABLE = YES;
				MACOSX_DEPLOYMENT_TARGET = 10.15;
				MTL_ENABLE_DEBUG_INFO = INCLUDE_SOURCE;
				MTL_FAST_MATH = YES;
				ONLY_ACTIVE_ARCH = YES;
				SDKROOT = macosx;
			};
			name = Debug;
		};
		FCB9561425F400BE004DA62F /* Release */ = {
			isa = XCBuildConfiguration;
			buildSettings = {
				ALWAYS_SEARCH_USER_PATHS = NO;
				CLANG_ANALYZER_NONNULL = YES;
				CLANG_ANALYZER_NUMBER_OBJECT_CONVERSION = YES_AGGRESSIVE;
				CLANG_CXX_LANGUAGE_STANDARD = "gnu++14";
				CLANG_CXX_LIBRARY = "libc++";
				CLANG_ENABLE_MODULES = YES;
				CLANG_ENABLE_OBJC_ARC = YES;
				CLANG_ENABLE_OBJC_WEAK = YES;
				CLANG_WARN_BLOCK_CAPTURE_AUTORELEASING = YES;
				CLANG_WARN_BOOL_CONVERSION = YES;
				CLANG_WARN_COMMA = YES;
				CLANG_WARN_CONSTANT_CONVERSION = YES;
				CLANG_WARN_DEPRECATED_OBJC_IMPLEMENTATIONS = YES;
				CLANG_WARN_DIRECT_OBJC_ISA_USAGE = YES_ERROR;
				CLANG_WARN_DOCUMENTATION_COMMENTS = YES;
				CLANG_WARN_EMPTY_BODY = YES;
				CLANG_WARN_ENUM_CONVERSION = YES;
				CLANG_WARN_INFINITE_RECURSION = YES;
				CLANG_WARN_INT_CONVERSION = YES;
				CLANG_WARN_NON_LITERAL_NULL_CONVERSION = YES;
				CLANG_WARN_OBJC_IMPLICIT_RETAIN_SELF = YES;
				CLANG_WARN_OBJC_LITERAL_CONVERSION = YES;
				CLANG_WARN_OBJC_ROOT_CLASS = YES_ERROR;
				CLANG_WARN_QUOTED_INCLUDE_IN_FRAMEWORK_HEADER = YES;
				CLANG_WARN_RANGE_LOOP_ANALYSIS = YES;
				CLANG_WARN_STRICT_PROTOTYPES = YES;
				CLANG_WARN_SUSPICIOUS_MOVE = YES;
				CLANG_WARN_UNGUARDED_AVAILABILITY = YES_AGGRESSIVE;
				CLANG_WARN_UNREACHABLE_CODE = YES;
				CLANG_WARN__DUPLICATE_METHOD_MATCH = YES;
				COPY_PHASE_STRIP = NO;
				DEBUG_INFORMATION_FORMAT = "dwarf-with-dsym";
				ENABLE_NS_ASSERTIONS = NO;
				ENABLE_STRICT_OBJC_MSGSEND = YES;
				GCC_C_LANGUAGE_STANDARD = gnu11;
				GCC_NO_COMMON_BLOCKS = YES;
				GCC_WARN_64_TO_32_BIT_CONVERSION = YES;
				GCC_WARN_ABOUT_RETURN_TYPE = YES_ERROR;
				GCC_WARN_UNDECLARED_SELECTOR = YES;
				GCC_WARN_UNINITIALIZED_AUTOS = YES_AGGRESSIVE;
				GCC_WARN_UNUSED_FUNCTION = YES;
				GCC_WARN_UNUSED_VARIABLE = YES;
				MACOSX_DEPLOYMENT_TARGET = 10.15;
				MTL_ENABLE_DEBUG_INFO = NO;
				MTL_FAST_MATH = YES;
				SDKROOT = macosx;
			};
			name = Release;
		};
		FCB9561625F400BE004DA62F /* Debug */ = {
			isa = XCBuildConfiguration;
			buildSettings = {
				ASSETCATALOG_COMPILER_APPICON_NAME = AppIcon;
				ASSETCATALOG_COMPILER_GLOBAL_ACCENT_COLOR_NAME = AccentColor;
				CODE_SIGN_ENTITLEMENTS = AppArrayController/AppArrayController.entitlements;
				CODE_SIGN_STYLE = Automatic;
				COMBINE_HIDPI_IMAGES = YES;
				DEVELOPMENT_TEAM = A9YS5YC86D;
				ENABLE_HARDENED_RUNTIME = YES;
				INFOPLIST_FILE = AppArrayController/Info.plist;
				LD_RUNPATH_SEARCH_PATHS = (
					"$(inherited)",
					"@executable_path/../Frameworks",
				);
				PRODUCT_BUNDLE_IDENTIFIER = com.mx.AppArrayController;
				PRODUCT_NAME = "$(TARGET_NAME)";
			};
			name = Debug;
		};
		FCB9561725F400BE004DA62F /* Release */ = {
			isa = XCBuildConfiguration;
			buildSettings = {
				ASSETCATALOG_COMPILER_APPICON_NAME = AppIcon;
				ASSETCATALOG_COMPILER_GLOBAL_ACCENT_COLOR_NAME = AccentColor;
				CODE_SIGN_ENTITLEMENTS = AppArrayController/AppArrayController.entitlements;
				CODE_SIGN_STYLE = Automatic;
				COMBINE_HIDPI_IMAGES = YES;
				DEVELOPMENT_TEAM = A9YS5YC86D;
				ENABLE_HARDENED_RUNTIME = YES;
				INFOPLIST_FILE = AppArrayController/Info.plist;
				LD_RUNPATH_SEARCH_PATHS = (
					"$(inherited)",
					"@executable_path/../Frameworks",
				);
				PRODUCT_BUNDLE_IDENTIFIER = com.mx.AppArrayController;
				PRODUCT_NAME = "$(TARGET_NAME)";
			};
			name = Release;
		};
/* End XCBuildConfiguration section */

/* Begin XCConfigurationList section */
		FCB955FC25F400BB004DA62F /* Build configuration list for PBXProject "AppArrayController" */ = {
			isa = XCConfigurationList;
			buildConfigurations = (
				FCB9561325F400BE004DA62F /* Debug */,
				FCB9561425F400BE004DA62F /* Release */,
			);
			defaultConfigurationIsVisible = 0;
			defaultConfigurationName = Release;
		};
		FCB9561525F400BE004DA62F /* Build configuration list for PBXNativeTarget "AppArrayController" */ = {
			isa = XCConfigurationList;
			buildConfigurations = (
				FCB9561625F400BE004DA62F /* Debug */,
				FCB9561725F400BE004DA62F /* Release */,
			);
			defaultConfigurationIsVisible = 0;
			defaultConfigurationName = Release;
		};
/* End XCConfigurationList section */
	};
	rootObject = FCB955F925F400BB004DA62F /* Project object */;
}
