// !$*UTF8*$!
{
	archiveVersion = 1;
	classes = {
	};
	objectVersion = 50;
	objects = {

/* Begin PBXBuildFile section */
		FCE01E7B25EAB825006B711F /* AppDelegate.m in Sources */ = {isa = PBXBuildFile; fileRef = FCE01E7A25EAB825006B711F /* AppDelegate.m */; };
		FCE01E7E25EAB825006B711F /* ViewController.m in Sources */ = {isa = PBXBuildFile; fileRef = FCE01E7D25EAB825006B711F /* ViewController.m */; };
		FCE01E8025EAB828006B711F /* Assets.xcassets in Resources */ = {isa = PBXBuildFile; fileRef = FCE01E7F25EAB828006B711F /* Assets.xcassets */; };
		FCE01E8325EAB828006B711F /* Main.storyboard in Resources */ = {isa = PBXBuildFile; fileRef = FCE01E8125EAB828006B711F /* Main.storyboard */; };
		FCE01E8625EAB828006B711F /* main.m in Sources */ = {isa = PBXBuildFile; fileRef = FCE01E8525EAB828006B711F /* main.m */; };
		FCE01E9125EAC0D4006B711F /* Persona.m in Sources */ = {isa = PBXBuildFile; fileRef = FCE01E9025EAC0D4006B711F /* Persona.m */; };
/* End PBXBuildFile section */

/* Begin PBXFileReference section */
		FCE01E7625EAB825006B711F /* appNSTableView.app */ = {isa = PBXFileReference; explicitFileType = wrapper.application; includeInIndex = 0; path = appNSTableView.app; sourceTree = BUILT_PRODUCTS_DIR; };
		FCE01E7925EAB825006B711F /* AppDelegate.h */ = {isa = PBXFileReference; lastKnownFileType = sourcecode.c.h; path = AppDelegate.h; sourceTree = "<group>"; };
		FCE01E7A25EAB825006B711F /* AppDelegate.m */ = {isa = PBXFileReference; lastKnownFileType = sourcecode.c.objc; path = AppDelegate.m; sourceTree = "<group>"; };
		FCE01E7C25EAB825006B711F /* ViewController.h */ = {isa = PBXFileReference; lastKnownFileType = sourcecode.c.h; path = ViewController.h; sourceTree = "<group>"; };
		FCE01E7D25EAB825006B711F /* ViewController.m */ = {isa = PBXFileReference; lastKnownFileType = sourcecode.c.objc; path = ViewController.m; sourceTree = "<group>"; };
		FCE01E7F25EAB828006B711F /* Assets.xcassets */ = {isa = PBXFileReference; lastKnownFileType = folder.assetcatalog; path = Assets.xcassets; sourceTree = "<group>"; };
		FCE01E8225EAB828006B711F /* Base */ = {isa = PBXFileReference; lastKnownFileType = file.storyboard; name = Base; path = Base.lproj/Main.storyboard; sourceTree = "<group>"; };
		FCE01E8425EAB828006B711F /* Info.plist */ = {isa = PBXFileReference; lastKnownFileType = text.plist.xml; path = Info.plist; sourceTree = "<group>"; };
		FCE01E8525EAB828006B711F /* main.m */ = {isa = PBXFileReference; lastKnownFileType = sourcecode.c.objc; path = main.m; sourceTree = "<group>"; };
		FCE01E8725EAB828006B711F /* appNSTableView.entitlements */ = {isa = PBXFileReference; lastKnownFileType = text.plist.entitlements; path = appNSTableView.entitlements; sourceTree = "<group>"; };
		FCE01E8F25EAC0D4006B711F /* Persona.h */ = {isa = PBXFileReference; lastKnownFileType = sourcecode.c.h; path = Persona.h; sourceTree = "<group>"; };
		FCE01E9025EAC0D4006B711F /* Persona.m */ = {isa = PBXFileReference; lastKnownFileType = sourcecode.c.objc; path = Persona.m; sourceTree = "<group>"; };
/* End PBXFileReference section */

/* Begin PBXFrameworksBuildPhase section */
		FCE01E7325EAB824006B711F /* Frameworks */ = {
			isa = PBXFrameworksBuildPhase;
			buildActionMask = 2147483647;
			files = (
			);
			runOnlyForDeploymentPostprocessing = 0;
		};
/* End PBXFrameworksBuildPhase section */

/* Begin PBXGroup section */
		FCE01E6D25EAB824006B711F = {
			isa = PBXGroup;
			children = (
				FCE01E7825EAB825006B711F /* appNSTableView */,
				FCE01E7725EAB825006B711F /* Products */,
			);
			sourceTree = "<group>";
		};
		FCE01E7725EAB825006B711F /* Products */ = {
			isa = PBXGroup;
			children = (
				FCE01E7625EAB825006B711F /* appNSTableView.app */,
			);
			name = Products;
			sourceTree = "<group>";
		};
		FCE01E7825EAB825006B711F /* appNSTableView */ = {
			isa = PBXGroup;
			children = (
				FCE01E7925EAB825006B711F /* AppDelegate.h */,
				FCE01E7A25EAB825006B711F /* AppDelegate.m */,
				FCE01E7C25EAB825006B711F /* ViewController.h */,
				FCE01E7D25EAB825006B711F /* ViewController.m */,
				FCE01E7F25EAB828006B711F /* Assets.xcassets */,
				FCE01E8125EAB828006B711F /* Main.storyboard */,
				FCE01E8425EAB828006B711F /* Info.plist */,
				FCE01E8525EAB828006B711F /* main.m */,
				FCE01E8725EAB828006B711F /* appNSTableView.entitlements */,
				FCE01E8F25EAC0D4006B711F /* Persona.h */,
				FCE01E9025EAC0D4006B711F /* Persona.m */,
			);
			path = appNSTableView;
			sourceTree = "<group>";
		};
/* End PBXGroup section */

/* Begin PBXNativeTarget section */
		FCE01E7525EAB824006B711F /* appNSTableView */ = {
			isa = PBXNativeTarget;
			buildConfigurationList = FCE01E8A25EAB828006B711F /* Build configuration list for PBXNativeTarget "appNSTableView" */;
			buildPhases = (
				FCE01E7225EAB824006B711F /* Sources */,
				FCE01E7325EAB824006B711F /* Frameworks */,
				FCE01E7425EAB824006B711F /* Resources */,
			);
			buildRules = (
			);
			dependencies = (
			);
			name = appNSTableView;
			productName = appNSTableView;
			productReference = FCE01E7625EAB825006B711F /* appNSTableView.app */;
			productType = "com.apple.product-type.application";
		};
/* End PBXNativeTarget section */

/* Begin PBXProject section */
		FCE01E6E25EAB824006B711F /* Project object */ = {
			isa = PBXProject;
			attributes = {
				LastUpgradeCheck = 1240;
				TargetAttributes = {
					FCE01E7525EAB824006B711F = {
						CreatedOnToolsVersion = 12.4;
					};
				};
			};
			buildConfigurationList = FCE01E7125EAB824006B711F /* Build configuration list for PBXProject "appNSTableView" */;
			compatibilityVersion = "Xcode 9.3";
			developmentRegion = en;
			hasScannedForEncodings = 0;
			knownRegions = (
				en,
				Base,
			);
			mainGroup = FCE01E6D25EAB824006B711F;
			productRefGroup = FCE01E7725EAB825006B711F /* Products */;
			projectDirPath = "";
			projectRoot = "";
			targets = (
				FCE01E7525EAB824006B711F /* appNSTableView */,
			);
		};
/* End PBXProject section */

/* Begin PBXResourcesBuildPhase section */
		FCE01E7425EAB824006B711F /* Resources */ = {
			isa = PBXResourcesBuildPhase;
			buildActionMask = 2147483647;
			files = (
				FCE01E8025EAB828006B711F /* Assets.xcassets in Resources */,
				FCE01E8325EAB828006B711F /* Main.storyboard in Resources */,
			);
			runOnlyForDeploymentPostprocessing = 0;
		};
/* End PBXResourcesBuildPhase section */

/* Begin PBXSourcesBuildPhase section */
		FCE01E7225EAB824006B711F /* Sources */ = {
			isa = PBXSourcesBuildPhase;
			buildActionMask = 2147483647;
			files = (
				FCE01E9125EAC0D4006B711F /* Persona.m in Sources */,
				FCE01E7E25EAB825006B711F /* ViewController.m in Sources */,
				FCE01E8625EAB828006B711F /* main.m in Sources */,
				FCE01E7B25EAB825006B711F /* AppDelegate.m in Sources */,
			);
			runOnlyForDeploymentPostprocessing = 0;
		};
/* End PBXSourcesBuildPhase section */

/* Begin PBXVariantGroup section */
		FCE01E8125EAB828006B711F /* Main.storyboard */ = {
			isa = PBXVariantGroup;
			children = (
				FCE01E8225EAB828006B711F /* Base */,
			);
			name = Main.storyboard;
			sourceTree = "<group>";
		};
/* End PBXVariantGroup section */

/* Begin XCBuildConfiguration section */
		FCE01E8825EAB828006B711F /* Debug */ = {
			isa = XCBuildConfiguration;
			buildSettings = {
				ALWAYS_SEARCH_USER_PATHS = NO;
				CLANG_ANALYZER_NONNULL = YES;
				CLANG_ANALYZER_NUMBER_OBJECT_CONVERSION = YES_AGGRESSIVE;
				CLANG_CXX_LANGUAGE_STANDARD = "gnu++14";
				CLANG_CXX_LIBRARY = "libc++";
				CLANG_ENABLE_MODULES = YES;
				CLANG_ENABLE_OBJC_ARC = YES;
				CLANG_ENABLE_OBJC_WEAK = YES;
				CLANG_WARN_BLOCK_CAPTURE_AUTORELEASING = YES;
				CLANG_WARN_BOOL_CONVERSION = YES;
				CLANG_WARN_COMMA = YES;
				CLANG_WARN_CONSTANT_CONVERSION = YES;
				CLANG_WARN_DEPRECATED_OBJC_IMPLEMENTATIONS = YES;
				CLANG_WARN_DIRECT_OBJC_ISA_USAGE = YES_ERROR;
				CLANG_WARN_DOCUMENTATION_COMMENTS = YES;
				CLANG_WARN_EMPTY_BODY = YES;
				CLANG_WARN_ENUM_CONVERSION = YES;
				CLANG_WARN_INFINITE_RECURSION = YES;
				CLANG_WARN_INT_CONVERSION = YES;
				CLANG_WARN_NON_LITERAL_NULL_CONVERSION = YES;
				CLANG_WARN_OBJC_IMPLICIT_RETAIN_SELF = YES;
				CLANG_WARN_OBJC_LITERAL_CONVERSION = YES;
				CLANG_WARN_OBJC_ROOT_CLASS = YES_ERROR;
				CLANG_WARN_QUOTED_INCLUDE_IN_FRAMEWORK_HEADER = YES;
				CLANG_WARN_RANGE_LOOP_ANALYSIS = YES;
				CLANG_WARN_STRICT_PROTOTYPES = YES;
				CLANG_WARN_SUSPICIOUS_MOVE = YES;
				CLANG_WARN_UNGUARDED_AVAILABILITY = YES_AGGRESSIVE;
				CLANG_WARN_UNREACHABLE_CODE = YES;
				CLANG_WARN__DUPLICATE_METHOD_MATCH = YES;
				COPY_PHASE_STRIP = NO;
				DEBUG_INFORMATION_FORMAT = dwarf;
				ENABLE_STRICT_OBJC_MSGSEND = YES;
				ENABLE_TESTABILITY = YES;
				GCC_C_LANGUAGE_STANDARD = gnu11;
				GCC_DYNAMIC_NO_PIC = NO;
				GCC_NO_COMMON_BLOCKS = YES;
				GCC_OPTIMIZATION_LEVEL = 0;
				GCC_PREPROCESSOR_DEFINITIONS = (
					"DEBUG=1",
					"$(inherited)",
				);
				GCC_WARN_64_TO_32_BIT_CONVERSION = YES;
				GCC_WARN_ABOUT_RETURN_TYPE = YES_ERROR;
				GCC_WARN_UNDECLARED_SELECTOR = YES;
				GCC_WARN_UNINITIALIZED_AUTOS = YES_AGGRESSIVE;
				GCC_WARN_UNUSED_FUNCTION = YES;
				GCC_WARN_UNUSED_VARIABLE = YES;
				MACOSX_DEPLOYMENT_TARGET = 10.15;
				MTL_ENABLE_DEBUG_INFO = INCLUDE_SOURCE;
				MTL_FAST_MATH = YES;
				ONLY_ACTIVE_ARCH = YES;
				SDKROOT = macosx;
			};
			name = Debug;
		};
		FCE01E8925EAB828006B711F /* Release */ = {
			isa = XCBuildConfiguration;
			buildSettings = {
				ALWAYS_SEARCH_USER_PATHS = NO;
				CLANG_ANALYZER_NONNULL = YES;
				CLANG_ANALYZER_NUMBER_OBJECT_CONVERSION = YES_AGGRESSIVE;
				CLANG_CXX_LANGUAGE_STANDARD = "gnu++14";
				CLANG_CXX_LIBRARY = "libc++";
				CLANG_ENABLE_MODULES = YES;
				CLANG_ENABLE_OBJC_ARC = YES;
				CLANG_ENABLE_OBJC_WEAK = YES;
				CLANG_WARN_BLOCK_CAPTURE_AUTORELEASING = YES;
				CLANG_WARN_BOOL_CONVERSION = YES;
				CLANG_WARN_COMMA = YES;
				CLANG_WARN_CONSTANT_CONVERSION = YES;
				CLANG_WARN_DEPRECATED_OBJC_IMPLEMENTATIONS = YES;
				CLANG_WARN_DIRECT_OBJC_ISA_USAGE = YES_ERROR;
				CLANG_WARN_DOCUMENTATION_COMMENTS = YES;
				CLANG_WARN_EMPTY_BODY = YES;
				CLANG_WARN_ENUM_CONVERSION = YES;
				CLANG_WARN_INFINITE_RECURSION = YES;
				CLANG_WARN_INT_CONVERSION = YES;
				CLANG_WARN_NON_LITERAL_NULL_CONVERSION = YES;
				CLANG_WARN_OBJC_IMPLICIT_RETAIN_SELF = YES;
				CLANG_WARN_OBJC_LITERAL_CONVERSION = YES;
				CLANG_WARN_OBJC_ROOT_CLASS = YES_ERROR;
				CLANG_WARN_QUOTED_INCLUDE_IN_FRAMEWORK_HEADER = YES;
				CLANG_WARN_RANGE_LOOP_ANALYSIS = YES;
				CLANG_WARN_STRICT_PROTOTYPES = YES;
				CLANG_WARN_SUSPICIOUS_MOVE = YES;
				CLANG_WARN_UNGUARDED_AVAILABILITY = YES_AGGRESSIVE;
				CLANG_WARN_UNREACHABLE_CODE = YES;
				CLANG_WARN__DUPLICATE_METHOD_MATCH = YES;
				COPY_PHASE_STRIP = NO;
				DEBUG_INFORMATION_FORMAT = "dwarf-with-dsym";
				ENABLE_NS_ASSERTIONS = NO;
				ENABLE_STRICT_OBJC_MSGSEND = YES;
				GCC_C_LANGUAGE_STANDARD = gnu11;
				GCC_NO_COMMON_BLOCKS = YES;
				GCC_WARN_64_TO_32_BIT_CONVERSION = YES;
				GCC_WARN_ABOUT_RETURN_TYPE = YES_ERROR;
				GCC_WARN_UNDECLARED_SELECTOR = YES;
				GCC_WARN_UNINITIALIZED_AUTOS = YES_AGGRESSIVE;
				GCC_WARN_UNUSED_FUNCTION = YES;
				GCC_WARN_UNUSED_VARIABLE = YES;
				MACOSX_DEPLOYMENT_TARGET = 10.15;
				MTL_ENABLE_DEBUG_INFO = NO;
				MTL_FAST_MATH = YES;
				SDKROOT = macosx;
			};
			name = Release;
		};
		FCE01E8B25EAB828006B711F /* Debug */ = {
			isa = XCBuildConfiguration;
			buildSettings = {
				ASSETCATALOG_COMPILER_APPICON_NAME = AppIcon;
				ASSETCATALOG_COMPILER_GLOBAL_ACCENT_COLOR_NAME = AccentColor;
				CODE_SIGN_ENTITLEMENTS = appNSTableView/appNSTableView.entitlements;
				CODE_SIGN_STYLE = Automatic;
				COMBINE_HIDPI_IMAGES = YES;
				DEVELOPMENT_TEAM = A9YS5YC86D;
				ENABLE_HARDENED_RUNTIME = YES;
				INFOPLIST_FILE = appNSTableView/Info.plist;
				LD_RUNPATH_SEARCH_PATHS = (
					"$(inherited)",
					"@executable_path/../Frameworks",
				);
				PRODUCT_BUNDLE_IDENTIFIER = com.mx.appNSTableView;
				PRODUCT_NAME = "$(TARGET_NAME)";
			};
			name = Debug;
		};
		FCE01E8C25EAB828006B711F /* Release */ = {
			isa = XCBuildConfiguration;
			buildSettings = {
				ASSETCATALOG_COMPILER_APPICON_NAME = AppIcon;
				ASSETCATALOG_COMPILER_GLOBAL_ACCENT_COLOR_NAME = AccentColor;
				CODE_SIGN_ENTITLEMENTS = appNSTableView/appNSTableView.entitlements;
				CODE_SIGN_STYLE = Automatic;
				COMBINE_HIDPI_IMAGES = YES;
				DEVELOPMENT_TEAM = A9YS5YC86D;
				ENABLE_HARDENED_RUNTIME = YES;
				INFOPLIST_FILE = appNSTableView/Info.plist;
				LD_RUNPATH_SEARCH_PATHS = (
					"$(inherited)",
					"@executable_path/../Frameworks",
				);
				PRODUCT_BUNDLE_IDENTIFIER = com.mx.appNSTableView;
				PRODUCT_NAME = "$(TARGET_NAME)";
			};
			name = Release;
		};
/* End XCBuildConfiguration section */

/* Begin XCConfigurationList section */
		FCE01E7125EAB824006B711F /* Build configuration list for PBXProject "appNSTableView" */ = {
			isa = XCConfigurationList;
			buildConfigurations = (
				FCE01E8825EAB828006B711F /* Debug */,
				FCE01E8925EAB828006B711F /* Release */,
			);
			defaultConfigurationIsVisible = 0;
			defaultConfigurationName = Release;
		};
		FCE01E8A25EAB828006B711F /* Build configuration list for PBXNativeTarget "appNSTableView" */ = {
			isa = XCConfigurationList;
			buildConfigurations = (
				FCE01E8B25EAB828006B711F /* Debug */,
				FCE01E8C25EAB828006B711F /* Release */,
			);
			defaultConfigurationIsVisible = 0;
			defaultConfigurationName = Release;
		};
/* End XCConfigurationList section */
	};
	rootObject = FCE01E6E25EAB824006B711F /* Project object */;
}
