// !$*UTF8*$!
{
	archiveVersion = 1;
	classes = {
	};
	objectVersion = 50;
	objects = {

/* Begin PBXBuildFile section */
		5AFDF25A261BC3B0005B4899 /* AppDelegate.swift in Sources */ = {isa = PBXBuildFile; fileRef = 5AFDF259261BC3B0005B4899 /* AppDelegate.swift */; };
		5AFDF25C261BC3B0005B4899 /* SceneDelegate.swift in Sources */ = {isa = PBXBuildFile; fileRef = 5AFDF25B261BC3B0005B4899 /* SceneDelegate.swift */; };
		5AFDF25E261BC3B0005B4899 /* ViewController.swift in Sources */ = {isa = PBXBuildFile; fileRef = 5AFDF25D261BC3B0005B4899 /* ViewController.swift */; };
		5AFDF261261BC3B0005B4899 /* Main.storyboard in Resources */ = {isa = PBXBuildFile; fileRef = 5AFDF25F261BC3B0005B4899 /* Main.storyboard */; };
		5AFDF263261BC3B6005B4899 /* Assets.xcassets in Resources */ = {isa = PBXBuildFile; fileRef = 5AFDF262261BC3B6005B4899 /* Assets.xcassets */; };
		5AFDF266261BC3B6005B4899 /* LaunchScreen.storyboard in Resources */ = {isa = PBXBuildFile; fileRef = 5AFDF264261BC3B6005B4899 /* LaunchScreen.storyboard */; };
		5AFDF26F261BCD25005B4899 /* Empleado.swift in Sources */ = {isa = PBXBuildFile; fileRef = 5AFDF26E261BCD25005B4899 /* Empleado.swift */; };
/* End PBXBuildFile section */

/* Begin PBXFileReference section */
		5AFDF256261BC3B0005B4899 /* json1.app */ = {isa = PBXFileReference; explicitFileType = wrapper.application; includeInIndex = 0; path = json1.app; sourceTree = BUILT_PRODUCTS_DIR; };
		5AFDF259261BC3B0005B4899 /* AppDelegate.swift */ = {isa = PBXFileReference; lastKnownFileType = sourcecode.swift; path = AppDelegate.swift; sourceTree = "<group>"; };
		5AFDF25B261BC3B0005B4899 /* SceneDelegate.swift */ = {isa = PBXFileReference; lastKnownFileType = sourcecode.swift; path = SceneDelegate.swift; sourceTree = "<group>"; };
		5AFDF25D261BC3B0005B4899 /* ViewController.swift */ = {isa = PBXFileReference; lastKnownFileType = sourcecode.swift; path = ViewController.swift; sourceTree = "<group>"; };
		5AFDF260261BC3B0005B4899 /* Base */ = {isa = PBXFileReference; lastKnownFileType = file.storyboard; name = Base; path = Base.lproj/Main.storyboard; sourceTree = "<group>"; };
		5AFDF262261BC3B6005B4899 /* Assets.xcassets */ = {isa = PBXFileReference; lastKnownFileType = folder.assetcatalog; path = Assets.xcassets; sourceTree = "<group>"; };
		5AFDF265261BC3B6005B4899 /* Base */ = {isa = PBXFileReference; lastKnownFileType = file.storyboard; name = Base; path = Base.lproj/LaunchScreen.storyboard; sourceTree = "<group>"; };
		5AFDF267261BC3B6005B4899 /* Info.plist */ = {isa = PBXFileReference; lastKnownFileType = text.plist.xml; path = Info.plist; sourceTree = "<group>"; };
		5AFDF26E261BCD25005B4899 /* Empleado.swift */ = {isa = PBXFileReference; lastKnownFileType = sourcecode.swift; path = Empleado.swift; sourceTree = "<group>"; };
/* End PBXFileReference section */

/* Begin PBXFrameworksBuildPhase section */
		5AFDF253261BC3B0005B4899 /* Frameworks */ = {
			isa = PBXFrameworksBuildPhase;
			buildActionMask = 2147483647;
			files = (
			);
			runOnlyForDeploymentPostprocessing = 0;
		};
/* End PBXFrameworksBuildPhase section */

/* Begin PBXGroup section */
		5AFDF24D261BC3B0005B4899 = {
			isa = PBXGroup;
			children = (
				5AFDF258261BC3B0005B4899 /* json1 */,
				5AFDF257261BC3B0005B4899 /* Products */,
			);
			sourceTree = "<group>";
		};
		5AFDF257261BC3B0005B4899 /* Products */ = {
			isa = PBXGroup;
			children = (
				5AFDF256261BC3B0005B4899 /* json1.app */,
			);
			name = Products;
			sourceTree = "<group>";
		};
		5AFDF258261BC3B0005B4899 /* json1 */ = {
			isa = PBXGroup;
			children = (
				5AFDF259261BC3B0005B4899 /* AppDelegate.swift */,
				5AFDF25B261BC3B0005B4899 /* SceneDelegate.swift */,
				5AFDF25D261BC3B0005B4899 /* ViewController.swift */,
				5AFDF25F261BC3B0005B4899 /* Main.storyboard */,
				5AFDF262261BC3B6005B4899 /* Assets.xcassets */,
				5AFDF264261BC3B6005B4899 /* LaunchScreen.storyboard */,
				5AFDF267261BC3B6005B4899 /* Info.plist */,
				5AFDF26E261BCD25005B4899 /* Empleado.swift */,
			);
			path = json1;
			sourceTree = "<group>";
		};
/* End PBXGroup section */

/* Begin PBXNativeTarget section */
		5AFDF255261BC3B0005B4899 /* json1 */ = {
			isa = PBXNativeTarget;
			buildConfigurationList = 5AFDF26A261BC3B7005B4899 /* Build configuration list for PBXNativeTarget "json1" */;
			buildPhases = (
				5AFDF252261BC3B0005B4899 /* Sources */,
				5AFDF253261BC3B0005B4899 /* Frameworks */,
				5AFDF254261BC3B0005B4899 /* Resources */,
			);
			buildRules = (
			);
			dependencies = (
			);
			name = json1;
			productName = json1;
			productReference = 5AFDF256261BC3B0005B4899 /* json1.app */;
			productType = "com.apple.product-type.application";
		};
/* End PBXNativeTarget section */

/* Begin PBXProject section */
		5AFDF24E261BC3B0005B4899 /* Project object */ = {
			isa = PBXProject;
			attributes = {
				LastSwiftUpdateCheck = 1240;
				LastUpgradeCheck = 1240;
				TargetAttributes = {
					5AFDF255261BC3B0005B4899 = {
						CreatedOnToolsVersion = 12.4;
					};
				};
			};
			buildConfigurationList = 5AFDF251261BC3B0005B4899 /* Build configuration list for PBXProject "json1" */;
			compatibilityVersion = "Xcode 9.3";
			developmentRegion = en;
			hasScannedForEncodings = 0;
			knownRegions = (
				en,
				Base,
			);
			mainGroup = 5AFDF24D261BC3B0005B4899;
			productRefGroup = 5AFDF257261BC3B0005B4899 /* Products */;
			projectDirPath = "";
			projectRoot = "";
			targets = (
				5AFDF255261BC3B0005B4899 /* json1 */,
			);
		};
/* End PBXProject section */

/* Begin PBXResourcesBuildPhase section */
		5AFDF254261BC3B0005B4899 /* Resources */ = {
			isa = PBXResourcesBuildPhase;
			buildActionMask = 2147483647;
			files = (
				5AFDF266261BC3B6005B4899 /* LaunchScreen.storyboard in Resources */,
				5AFDF263261BC3B6005B4899 /* Assets.xcassets in Resources */,
				5AFDF261261BC3B0005B4899 /* Main.storyboard in Resources */,
			);
			runOnlyForDeploymentPostprocessing = 0;
		};
/* End PBXResourcesBuildPhase section */

/* Begin PBXSourcesBuildPhase section */
		5AFDF252261BC3B0005B4899 /* Sources */ = {
			isa = PBXSourcesBuildPhase;
			buildActionMask = 2147483647;
			files = (
				5AFDF26F261BCD25005B4899 /* Empleado.swift in Sources */,
				5AFDF25E261BC3B0005B4899 /* ViewController.swift in Sources */,
				5AFDF25A261BC3B0005B4899 /* AppDelegate.swift in Sources */,
				5AFDF25C261BC3B0005B4899 /* SceneDelegate.swift in Sources */,
			);
			runOnlyForDeploymentPostprocessing = 0;
		};
/* End PBXSourcesBuildPhase section */

/* Begin PBXVariantGroup section */
		5AFDF25F261BC3B0005B4899 /* Main.storyboard */ = {
			isa = PBXVariantGroup;
			children = (
				5AFDF260261BC3B0005B4899 /* Base */,
			);
			name = Main.storyboard;
			sourceTree = "<group>";
		};
		5AFDF264261BC3B6005B4899 /* LaunchScreen.storyboard */ = {
			isa = PBXVariantGroup;
			children = (
				5AFDF265261BC3B6005B4899 /* Base */,
			);
			name = LaunchScreen.storyboard;
			sourceTree = "<group>";
		};
/* End PBXVariantGroup section */

/* Begin XCBuildConfiguration section */
		5AFDF268261BC3B6005B4899 /* Debug */ = {
			isa = XCBuildConfiguration;
			buildSettings = {
				ALWAYS_SEARCH_USER_PATHS = NO;
				CLANG_ANALYZER_NONNULL = YES;
				CLANG_ANALYZER_NUMBER_OBJECT_CONVERSION = YES_AGGRESSIVE;
				CLANG_CXX_LANGUAGE_STANDARD = "gnu++14";
				CLANG_CXX_LIBRARY = "libc++";
				CLANG_ENABLE_MODULES = YES;
				CLANG_ENABLE_OBJC_ARC = YES;
				CLANG_ENABLE_OBJC_WEAK = YES;
				CLANG_WARN_BLOCK_CAPTURE_AUTORELEASING = YES;
				CLANG_WARN_BOOL_CONVERSION = YES;
				CLANG_WARN_COMMA = YES;
				CLANG_WARN_CONSTANT_CONVERSION = YES;
				CLANG_WARN_DEPRECATED_OBJC_IMPLEMENTATIONS = YES;
				CLANG_WARN_DIRECT_OBJC_ISA_USAGE = YES_ERROR;
				CLANG_WARN_DOCUMENTATION_COMMENTS = YES;
				CLANG_WARN_EMPTY_BODY = YES;
				CLANG_WARN_ENUM_CONVERSION = YES;
				CLANG_WARN_INFINITE_RECURSION = YES;
				CLANG_WARN_INT_CONVERSION = YES;
				CLANG_WARN_NON_LITERAL_NULL_CONVERSION = YES;
				CLANG_WARN_OBJC_IMPLICIT_RETAIN_SELF = YES;
				CLANG_WARN_OBJC_LITERAL_CONVERSION = YES;
				CLANG_WARN_OBJC_ROOT_CLASS = YES_ERROR;
				CLANG_WARN_QUOTED_INCLUDE_IN_FRAMEWORK_HEADER = YES;
				CLANG_WARN_RANGE_LOOP_ANALYSIS = YES;
				CLANG_WARN_STRICT_PROTOTYPES = YES;
				CLANG_WARN_SUSPICIOUS_MOVE = YES;
				CLANG_WARN_UNGUARDED_AVAILABILITY = YES_AGGRESSIVE;
				CLANG_WARN_UNREACHABLE_CODE = YES;
				CLANG_WARN__DUPLICATE_METHOD_MATCH = YES;
				COPY_PHASE_STRIP = NO;
				DEBUG_INFORMATION_FORMAT = dwarf;
				ENABLE_STRICT_OBJC_MSGSEND = YES;
				ENABLE_TESTABILITY = YES;
				GCC_C_LANGUAGE_STANDARD = gnu11;
				GCC_DYNAMIC_NO_PIC = NO;
				GCC_NO_COMMON_BLOCKS = YES;
				GCC_OPTIMIZATION_LEVEL = 0;
				GCC_PREPROCESSOR_DEFINITIONS = (
					"DEBUG=1",
					"$(inherited)",
				);
				GCC_WARN_64_TO_32_BIT_CONVERSION = YES;
				GCC_WARN_ABOUT_RETURN_TYPE = YES_ERROR;
				GCC_WARN_UNDECLARED_SELECTOR = YES;
				GCC_WARN_UNINITIALIZED_AUTOS = YES_AGGRESSIVE;
				GCC_WARN_UNUSED_FUNCTION = YES;
				GCC_WARN_UNUSED_VARIABLE = YES;
				IPHONEOS_DEPLOYMENT_TARGET = 14.4;
				MTL_ENABLE_DEBUG_INFO = INCLUDE_SOURCE;
				MTL_FAST_MATH = YES;
				ONLY_ACTIVE_ARCH = YES;
				SDKROOT = iphoneos;
				SWIFT_ACTIVE_COMPILATION_CONDITIONS = DEBUG;
				SWIFT_OPTIMIZATION_LEVEL = "-Onone";
			};
			name = Debug;
		};
		5AFDF269261BC3B6005B4899 /* Release */ = {
			isa = XCBuildConfiguration;
			buildSettings = {
				ALWAYS_SEARCH_USER_PATHS = NO;
				CLANG_ANALYZER_NONNULL = YES;
				CLANG_ANALYZER_NUMBER_OBJECT_CONVERSION = YES_AGGRESSIVE;
				CLANG_CXX_LANGUAGE_STANDARD = "gnu++14";
				CLANG_CXX_LIBRARY = "libc++";
				CLANG_ENABLE_MODULES = YES;
				CLANG_ENABLE_OBJC_ARC = YES;
				CLANG_ENABLE_OBJC_WEAK = YES;
				CLANG_WARN_BLOCK_CAPTURE_AUTORELEASING = YES;
				CLANG_WARN_BOOL_CONVERSION = YES;
				CLANG_WARN_COMMA = YES;
				CLANG_WARN_CONSTANT_CONVERSION = YES;
				CLANG_WARN_DEPRECATED_OBJC_IMPLEMENTATIONS = YES;
				CLANG_WARN_DIRECT_OBJC_ISA_USAGE = YES_ERROR;
				CLANG_WARN_DOCUMENTATION_COMMENTS = YES;
				CLANG_WARN_EMPTY_BODY = YES;
				CLANG_WARN_ENUM_CONVERSION = YES;
				CLANG_WARN_INFINITE_RECURSION = YES;
				CLANG_WARN_INT_CONVERSION = YES;
				CLANG_WARN_NON_LITERAL_NULL_CONVERSION = YES;
				CLANG_WARN_OBJC_IMPLICIT_RETAIN_SELF = YES;
				CLANG_WARN_OBJC_LITERAL_CONVERSION = YES;
				CLANG_WARN_OBJC_ROOT_CLASS = YES_ERROR;
				CLANG_WARN_QUOTED_INCLUDE_IN_FRAMEWORK_HEADER = YES;
				CLANG_WARN_RANGE_LOOP_ANALYSIS = YES;
				CLANG_WARN_STRICT_PROTOTYPES = YES;
				CLANG_WARN_SUSPICIOUS_MOVE = YES;
				CLANG_WARN_UNGUARDED_AVAILABILITY = YES_AGGRESSIVE;
				CLANG_WARN_UNREACHABLE_CODE = YES;
				CLANG_WARN__DUPLICATE_METHOD_MATCH = YES;
				COPY_PHASE_STRIP = NO;
				DEBUG_INFORMATION_FORMAT = "dwarf-with-dsym";
				ENABLE_NS_ASSERTIONS = NO;
				ENABLE_STRICT_OBJC_MSGSEND = YES;
				GCC_C_LANGUAGE_STANDARD = gnu11;
				GCC_NO_COMMON_BLOCKS = YES;
				GCC_WARN_64_TO_32_BIT_CONVERSION = YES;
				GCC_WARN_ABOUT_RETURN_TYPE = YES_ERROR;
				GCC_WARN_UNDECLARED_SELECTOR = YES;
				GCC_WARN_UNINITIALIZED_AUTOS = YES_AGGRESSIVE;
				GCC_WARN_UNUSED_FUNCTION = YES;
				GCC_WARN_UNUSED_VARIABLE = YES;
				IPHONEOS_DEPLOYMENT_TARGET = 14.4;
				MTL_ENABLE_DEBUG_INFO = NO;
				MTL_FAST_MATH = YES;
				SDKROOT = iphoneos;
				SWIFT_COMPILATION_MODE = wholemodule;
				SWIFT_OPTIMIZATION_LEVEL = "-O";
				VALIDATE_PRODUCT = YES;
			};
			name = Release;
		};
		5AFDF26B261BC3B7005B4899 /* Debug */ = {
			isa = XCBuildConfiguration;
			buildSettings = {
				ASSETCATALOG_COMPILER_APPICON_NAME = AppIcon;
				ASSETCATALOG_COMPILER_GLOBAL_ACCENT_COLOR_NAME = AccentColor;
				CODE_SIGN_STYLE = Automatic;
				DEVELOPMENT_TEAM = 3CQG9T3VU9;
				INFOPLIST_FILE = json1/Info.plist;
				LD_RUNPATH_SEARCH_PATHS = (
					"$(inherited)",
					"@executable_path/Frameworks",
				);
				PRODUCT_BUNDLE_IDENTIFIER = maha.json1;
				PRODUCT_NAME = "$(TARGET_NAME)";
				SWIFT_VERSION = 5.0;
				TARGETED_DEVICE_FAMILY = "1,2";
			};
			name = Debug;
		};
		5AFDF26C261BC3B7005B4899 /* Release */ = {
			isa = XCBuildConfiguration;
			buildSettings = {
				ASSETCATALOG_COMPILER_APPICON_NAME = AppIcon;
				ASSETCATALOG_COMPILER_GLOBAL_ACCENT_COLOR_NAME = AccentColor;
				CODE_SIGN_STYLE = Automatic;
				DEVELOPMENT_TEAM = 3CQG9T3VU9;
				INFOPLIST_FILE = json1/Info.plist;
				LD_RUNPATH_SEARCH_PATHS = (
					"$(inherited)",
					"@executable_path/Frameworks",
				);
				PRODUCT_BUNDLE_IDENTIFIER = maha.json1;
				PRODUCT_NAME = "$(TARGET_NAME)";
				SWIFT_VERSION = 5.0;
				TARGETED_DEVICE_FAMILY = "1,2";
			};
			name = Release;
		};
/* End XCBuildConfiguration section */

/* Begin XCConfigurationList section */
		5AFDF251261BC3B0005B4899 /* Build configuration list for PBXProject "json1" */ = {
			isa = XCConfigurationList;
			buildConfigurations = (
				5AFDF268261BC3B6005B4899 /* Debug */,
				5AFDF269261BC3B6005B4899 /* Release */,
			);
			defaultConfigurationIsVisible = 0;
			defaultConfigurationName = Release;
		};
		5AFDF26A261BC3B7005B4899 /* Build configuration list for PBXNativeTarget "json1" */ = {
			isa = XCConfigurationList;
			buildConfigurations = (
				5AFDF26B261BC3B7005B4899 /* Debug */,
				5AFDF26C261BC3B7005B4899 /* Release */,
			);
			defaultConfigurationIsVisible = 0;
			defaultConfigurationName = Release;
		};
/* End XCConfigurationList section */
	};
	rootObject = 5AFDF24E261BC3B0005B4899 /* Project object */;
}
