// !$*UTF8*$!
{
	archiveVersion = 1;
	classes = {
	};
	objectVersion = 50;
	objects = {

/* Begin PBXBuildFile section */
		FC65994F25D8588D0018D46C /* AppDelegate.m in Sources */ = {isa = PBXBuildFile; fileRef = FC65994E25D8588D0018D46C /* AppDelegate.m */; };
		FC65995225D8588D0018D46C /* ViewController.m in Sources */ = {isa = PBXBuildFile; fileRef = FC65995125D8588D0018D46C /* ViewController.m */; };
		FC65995425D858900018D46C /* Assets.xcassets in Resources */ = {isa = PBXBuildFile; fileRef = FC65995325D858900018D46C /* Assets.xcassets */; };
		FC65995725D858900018D46C /* Main.storyboard in Resources */ = {isa = PBXBuildFile; fileRef = FC65995525D858900018D46C /* Main.storyboard */; };
		FC65995A25D858900018D46C /* main.m in Sources */ = {isa = PBXBuildFile; fileRef = FC65995925D858900018D46C /* main.m */; };
		FC65996525D859530018D46C /* Operaciones.m in Sources */ = {isa = PBXBuildFile; fileRef = FC65996425D859530018D46C /* Operaciones.m */; };
/* End PBXBuildFile section */

/* Begin PBXFileReference section */
		FC65994A25D8588D0018D46C /* AppOperacionesNSAlertTryCatch.app */ = {isa = PBXFileReference; explicitFileType = wrapper.application; includeInIndex = 0; path = AppOperacionesNSAlertTryCatch.app; sourceTree = BUILT_PRODUCTS_DIR; };
		FC65994D25D8588D0018D46C /* AppDelegate.h */ = {isa = PBXFileReference; lastKnownFileType = sourcecode.c.h; path = AppDelegate.h; sourceTree = "<group>"; };
		FC65994E25D8588D0018D46C /* AppDelegate.m */ = {isa = PBXFileReference; lastKnownFileType = sourcecode.c.objc; path = AppDelegate.m; sourceTree = "<group>"; };
		FC65995025D8588D0018D46C /* ViewController.h */ = {isa = PBXFileReference; lastKnownFileType = sourcecode.c.h; path = ViewController.h; sourceTree = "<group>"; };
		FC65995125D8588D0018D46C /* ViewController.m */ = {isa = PBXFileReference; lastKnownFileType = sourcecode.c.objc; path = ViewController.m; sourceTree = "<group>"; };
		FC65995325D858900018D46C /* Assets.xcassets */ = {isa = PBXFileReference; lastKnownFileType = folder.assetcatalog; path = Assets.xcassets; sourceTree = "<group>"; };
		FC65995625D858900018D46C /* Base */ = {isa = PBXFileReference; lastKnownFileType = file.storyboard; name = Base; path = Base.lproj/Main.storyboard; sourceTree = "<group>"; };
		FC65995825D858900018D46C /* Info.plist */ = {isa = PBXFileReference; lastKnownFileType = text.plist.xml; path = Info.plist; sourceTree = "<group>"; };
		FC65995925D858900018D46C /* main.m */ = {isa = PBXFileReference; lastKnownFileType = sourcecode.c.objc; path = main.m; sourceTree = "<group>"; };
		FC65995B25D858900018D46C /* AppOperacionesNSAlertTryCatch.entitlements */ = {isa = PBXFileReference; lastKnownFileType = text.plist.entitlements; path = AppOperacionesNSAlertTryCatch.entitlements; sourceTree = "<group>"; };
		FC65996325D859530018D46C /* Operaciones.h */ = {isa = PBXFileReference; lastKnownFileType = sourcecode.c.h; path = Operaciones.h; sourceTree = "<group>"; };
		FC65996425D859530018D46C /* Operaciones.m */ = {isa = PBXFileReference; lastKnownFileType = sourcecode.c.objc; path = Operaciones.m; sourceTree = "<group>"; };
/* End PBXFileReference section */

/* Begin PBXFrameworksBuildPhase section */
		FC65994725D8588D0018D46C /* Frameworks */ = {
			isa = PBXFrameworksBuildPhase;
			buildActionMask = 2147483647;
			files = (
			);
			runOnlyForDeploymentPostprocessing = 0;
		};
/* End PBXFrameworksBuildPhase section */

/* Begin PBXGroup section */
		FC65994125D8588D0018D46C = {
			isa = PBXGroup;
			children = (
				FC65994C25D8588D0018D46C /* AppOperacionesNSAlertTryCatch */,
				FC65994B25D8588D0018D46C /* Products */,
			);
			sourceTree = "<group>";
		};
		FC65994B25D8588D0018D46C /* Products */ = {
			isa = PBXGroup;
			children = (
				FC65994A25D8588D0018D46C /* AppOperacionesNSAlertTryCatch.app */,
			);
			name = Products;
			sourceTree = "<group>";
		};
		FC65994C25D8588D0018D46C /* AppOperacionesNSAlertTryCatch */ = {
			isa = PBXGroup;
			children = (
				FC65996225D8593C0018D46C /* Logica de negocios */,
				FC65994D25D8588D0018D46C /* AppDelegate.h */,
				FC65994E25D8588D0018D46C /* AppDelegate.m */,
				FC65995025D8588D0018D46C /* ViewController.h */,
				FC65995125D8588D0018D46C /* ViewController.m */,
				FC65995325D858900018D46C /* Assets.xcassets */,
				FC65995525D858900018D46C /* Main.storyboard */,
				FC65995825D858900018D46C /* Info.plist */,
				FC65995925D858900018D46C /* main.m */,
				FC65995B25D858900018D46C /* AppOperacionesNSAlertTryCatch.entitlements */,
			);
			path = AppOperacionesNSAlertTryCatch;
			sourceTree = "<group>";
		};
		FC65996225D8593C0018D46C /* Logica de negocios */ = {
			isa = PBXGroup;
			children = (
				FC65996325D859530018D46C /* Operaciones.h */,
				FC65996425D859530018D46C /* Operaciones.m */,
			);
			name = "Logica de negocios";
			sourceTree = "<group>";
		};
/* End PBXGroup section */

/* Begin PBXNativeTarget section */
		FC65994925D8588D0018D46C /* AppOperacionesNSAlertTryCatch */ = {
			isa = PBXNativeTarget;
			buildConfigurationList = FC65995E25D858900018D46C /* Build configuration list for PBXNativeTarget "AppOperacionesNSAlertTryCatch" */;
			buildPhases = (
				FC65994625D8588D0018D46C /* Sources */,
				FC65994725D8588D0018D46C /* Frameworks */,
				FC65994825D8588D0018D46C /* Resources */,
			);
			buildRules = (
			);
			dependencies = (
			);
			name = AppOperacionesNSAlertTryCatch;
			productName = AppOperacionesNSAlertTryCatch;
			productReference = FC65994A25D8588D0018D46C /* AppOperacionesNSAlertTryCatch.app */;
			productType = "com.apple.product-type.application";
		};
/* End PBXNativeTarget section */

/* Begin PBXProject section */
		FC65994225D8588D0018D46C /* Project object */ = {
			isa = PBXProject;
			attributes = {
				LastUpgradeCheck = 1240;
				TargetAttributes = {
					FC65994925D8588D0018D46C = {
						CreatedOnToolsVersion = 12.4;
					};
				};
			};
			buildConfigurationList = FC65994525D8588D0018D46C /* Build configuration list for PBXProject "AppOperacionesNSAlertTryCatch" */;
			compatibilityVersion = "Xcode 9.3";
			developmentRegion = en;
			hasScannedForEncodings = 0;
			knownRegions = (
				en,
				Base,
			);
			mainGroup = FC65994125D8588D0018D46C;
			productRefGroup = FC65994B25D8588D0018D46C /* Products */;
			projectDirPath = "";
			projectRoot = "";
			targets = (
				FC65994925D8588D0018D46C /* AppOperacionesNSAlertTryCatch */,
			);
		};
/* End PBXProject section */

/* Begin PBXResourcesBuildPhase section */
		FC65994825D8588D0018D46C /* Resources */ = {
			isa = PBXResourcesBuildPhase;
			buildActionMask = 2147483647;
			files = (
				FC65995425D858900018D46C /* Assets.xcassets in Resources */,
				FC65995725D858900018D46C /* Main.storyboard in Resources */,
			);
			runOnlyForDeploymentPostprocessing = 0;
		};
/* End PBXResourcesBuildPhase section */

/* Begin PBXSourcesBuildPhase section */
		FC65994625D8588D0018D46C /* Sources */ = {
			isa = PBXSourcesBuildPhase;
			buildActionMask = 2147483647;
			files = (
				FC65996525D859530018D46C /* Operaciones.m in Sources */,
				FC65995225D8588D0018D46C /* ViewController.m in Sources */,
				FC65995A25D858900018D46C /* main.m in Sources */,
				FC65994F25D8588D0018D46C /* AppDelegate.m in Sources */,
			);
			runOnlyForDeploymentPostprocessing = 0;
		};
/* End PBXSourcesBuildPhase section */

/* Begin PBXVariantGroup section */
		FC65995525D858900018D46C /* Main.storyboard */ = {
			isa = PBXVariantGroup;
			children = (
				FC65995625D858900018D46C /* Base */,
			);
			name = Main.storyboard;
			sourceTree = "<group>";
		};
/* End PBXVariantGroup section */

/* Begin XCBuildConfiguration section */
		FC65995C25D858900018D46C /* Debug */ = {
			isa = XCBuildConfiguration;
			buildSettings = {
				ALWAYS_SEARCH_USER_PATHS = NO;
				CLANG_ANALYZER_NONNULL = YES;
				CLANG_ANALYZER_NUMBER_OBJECT_CONVERSION = YES_AGGRESSIVE;
				CLANG_CXX_LANGUAGE_STANDARD = "gnu++14";
				CLANG_CXX_LIBRARY = "libc++";
				CLANG_ENABLE_MODULES = YES;
				CLANG_ENABLE_OBJC_ARC = YES;
				CLANG_ENABLE_OBJC_WEAK = YES;
				CLANG_WARN_BLOCK_CAPTURE_AUTORELEASING = YES;
				CLANG_WARN_BOOL_CONVERSION = YES;
				CLANG_WARN_COMMA = YES;
				CLANG_WARN_CONSTANT_CONVERSION = YES;
				CLANG_WARN_DEPRECATED_OBJC_IMPLEMENTATIONS = YES;
				CLANG_WARN_DIRECT_OBJC_ISA_USAGE = YES_ERROR;
				CLANG_WARN_DOCUMENTATION_COMMENTS = YES;
				CLANG_WARN_EMPTY_BODY = YES;
				CLANG_WARN_ENUM_CONVERSION = YES;
				CLANG_WARN_INFINITE_RECURSION = YES;
				CLANG_WARN_INT_CONVERSION = YES;
				CLANG_WARN_NON_LITERAL_NULL_CONVERSION = YES;
				CLANG_WARN_OBJC_IMPLICIT_RETAIN_SELF = YES;
				CLANG_WARN_OBJC_LITERAL_CONVERSION = YES;
				CLANG_WARN_OBJC_ROOT_CLASS = YES_ERROR;
				CLANG_WARN_QUOTED_INCLUDE_IN_FRAMEWORK_HEADER = YES;
				CLANG_WARN_RANGE_LOOP_ANALYSIS = YES;
				CLANG_WARN_STRICT_PROTOTYPES = YES;
				CLANG_WARN_SUSPICIOUS_MOVE = YES;
				CLANG_WARN_UNGUARDED_AVAILABILITY = YES_AGGRESSIVE;
				CLANG_WARN_UNREACHABLE_CODE = YES;
				CLANG_WARN__DUPLICATE_METHOD_MATCH = YES;
				COPY_PHASE_STRIP = NO;
				DEBUG_INFORMATION_FORMAT = dwarf;
				ENABLE_STRICT_OBJC_MSGSEND = YES;
				ENABLE_TESTABILITY = YES;
				GCC_C_LANGUAGE_STANDARD = gnu11;
				GCC_DYNAMIC_NO_PIC = NO;
				GCC_NO_COMMON_BLOCKS = YES;
				GCC_OPTIMIZATION_LEVEL = 0;
				GCC_PREPROCESSOR_DEFINITIONS = (
					"DEBUG=1",
					"$(inherited)",
				);
				GCC_WARN_64_TO_32_BIT_CONVERSION = YES;
				GCC_WARN_ABOUT_RETURN_TYPE = YES_ERROR;
				GCC_WARN_UNDECLARED_SELECTOR = YES;
				GCC_WARN_UNINITIALIZED_AUTOS = YES_AGGRESSIVE;
				GCC_WARN_UNUSED_FUNCTION = YES;
				GCC_WARN_UNUSED_VARIABLE = YES;
				MACOSX_DEPLOYMENT_TARGET = 10.15;
				MTL_ENABLE_DEBUG_INFO = INCLUDE_SOURCE;
				MTL_FAST_MATH = YES;
				ONLY_ACTIVE_ARCH = YES;
				SDKROOT = macosx;
			};
			name = Debug;
		};
		FC65995D25D858900018D46C /* Release */ = {
			isa = XCBuildConfiguration;
			buildSettings = {
				ALWAYS_SEARCH_USER_PATHS = NO;
				CLANG_ANALYZER_NONNULL = YES;
				CLANG_ANALYZER_NUMBER_OBJECT_CONVERSION = YES_AGGRESSIVE;
				CLANG_CXX_LANGUAGE_STANDARD = "gnu++14";
				CLANG_CXX_LIBRARY = "libc++";
				CLANG_ENABLE_MODULES = YES;
				CLANG_ENABLE_OBJC_ARC = YES;
				CLANG_ENABLE_OBJC_WEAK = YES;
				CLANG_WARN_BLOCK_CAPTURE_AUTORELEASING = YES;
				CLANG_WARN_BOOL_CONVERSION = YES;
				CLANG_WARN_COMMA = YES;
				CLANG_WARN_CONSTANT_CONVERSION = YES;
				CLANG_WARN_DEPRECATED_OBJC_IMPLEMENTATIONS = YES;
				CLANG_WARN_DIRECT_OBJC_ISA_USAGE = YES_ERROR;
				CLANG_WARN_DOCUMENTATION_COMMENTS = YES;
				CLANG_WARN_EMPTY_BODY = YES;
				CLANG_WARN_ENUM_CONVERSION = YES;
				CLANG_WARN_INFINITE_RECURSION = YES;
				CLANG_WARN_INT_CONVERSION = YES;
				CLANG_WARN_NON_LITERAL_NULL_CONVERSION = YES;
				CLANG_WARN_OBJC_IMPLICIT_RETAIN_SELF = YES;
				CLANG_WARN_OBJC_LITERAL_CONVERSION = YES;
				CLANG_WARN_OBJC_ROOT_CLASS = YES_ERROR;
				CLANG_WARN_QUOTED_INCLUDE_IN_FRAMEWORK_HEADER = YES;
				CLANG_WARN_RANGE_LOOP_ANALYSIS = YES;
				CLANG_WARN_STRICT_PROTOTYPES = YES;
				CLANG_WARN_SUSPICIOUS_MOVE = YES;
				CLANG_WARN_UNGUARDED_AVAILABILITY = YES_AGGRESSIVE;
				CLANG_WARN_UNREACHABLE_CODE = YES;
				CLANG_WARN__DUPLICATE_METHOD_MATCH = YES;
				COPY_PHASE_STRIP = NO;
				DEBUG_INFORMATION_FORMAT = "dwarf-with-dsym";
				ENABLE_NS_ASSERTIONS = NO;
				ENABLE_STRICT_OBJC_MSGSEND = YES;
				GCC_C_LANGUAGE_STANDARD = gnu11;
				GCC_NO_COMMON_BLOCKS = YES;
				GCC_WARN_64_TO_32_BIT_CONVERSION = YES;
				GCC_WARN_ABOUT_RETURN_TYPE = YES_ERROR;
				GCC_WARN_UNDECLARED_SELECTOR = YES;
				GCC_WARN_UNINITIALIZED_AUTOS = YES_AGGRESSIVE;
				GCC_WARN_UNUSED_FUNCTION = YES;
				GCC_WARN_UNUSED_VARIABLE = YES;
				MACOSX_DEPLOYMENT_TARGET = 10.15;
				MTL_ENABLE_DEBUG_INFO = NO;
				MTL_FAST_MATH = YES;
				SDKROOT = macosx;
			};
			name = Release;
		};
		FC65995F25D858900018D46C /* Debug */ = {
			isa = XCBuildConfiguration;
			buildSettings = {
				ASSETCATALOG_COMPILER_APPICON_NAME = AppIcon;
				ASSETCATALOG_COMPILER_GLOBAL_ACCENT_COLOR_NAME = AccentColor;
				CODE_SIGN_ENTITLEMENTS = AppOperacionesNSAlertTryCatch/AppOperacionesNSAlertTryCatch.entitlements;
				CODE_SIGN_STYLE = Automatic;
				COMBINE_HIDPI_IMAGES = YES;
				DEVELOPMENT_TEAM = A9YS5YC86D;
				ENABLE_HARDENED_RUNTIME = YES;
				INFOPLIST_FILE = AppOperacionesNSAlertTryCatch/Info.plist;
				LD_RUNPATH_SEARCH_PATHS = (
					"$(inherited)",
					"@executable_path/../Frameworks",
				);
				PRODUCT_BUNDLE_IDENTIFIER = com.mx.AppOperacionesNSAlertTryCatch;
				PRODUCT_NAME = "$(TARGET_NAME)";
			};
			name = Debug;
		};
		FC65996025D858900018D46C /* Release */ = {
			isa = XCBuildConfiguration;
			buildSettings = {
				ASSETCATALOG_COMPILER_APPICON_NAME = AppIcon;
				ASSETCATALOG_COMPILER_GLOBAL_ACCENT_COLOR_NAME = AccentColor;
				CODE_SIGN_ENTITLEMENTS = AppOperacionesNSAlertTryCatch/AppOperacionesNSAlertTryCatch.entitlements;
				CODE_SIGN_STYLE = Automatic;
				COMBINE_HIDPI_IMAGES = YES;
				DEVELOPMENT_TEAM = A9YS5YC86D;
				ENABLE_HARDENED_RUNTIME = YES;
				INFOPLIST_FILE = AppOperacionesNSAlertTryCatch/Info.plist;
				LD_RUNPATH_SEARCH_PATHS = (
					"$(inherited)",
					"@executable_path/../Frameworks",
				);
				PRODUCT_BUNDLE_IDENTIFIER = com.mx.AppOperacionesNSAlertTryCatch;
				PRODUCT_NAME = "$(TARGET_NAME)";
			};
			name = Release;
		};
/* End XCBuildConfiguration section */

/* Begin XCConfigurationList section */
		FC65994525D8588D0018D46C /* Build configuration list for PBXProject "AppOperacionesNSAlertTryCatch" */ = {
			isa = XCConfigurationList;
			buildConfigurations = (
				FC65995C25D858900018D46C /* Debug */,
				FC65995D25D858900018D46C /* Release */,
			);
			defaultConfigurationIsVisible = 0;
			defaultConfigurationName = Release;
		};
		FC65995E25D858900018D46C /* Build configuration list for PBXNativeTarget "AppOperacionesNSAlertTryCatch" */ = {
			isa = XCConfigurationList;
			buildConfigurations = (
				FC65995F25D858900018D46C /* Debug */,
				FC65996025D858900018D46C /* Release */,
			);
			defaultConfigurationIsVisible = 0;
			defaultConfigurationName = Release;
		};
/* End XCConfigurationList section */
	};
	rootObject = FC65994225D8588D0018D46C /* Project object */;
}
