// !$*UTF8*$!
{
	archiveVersion = 1;
	classes = {
	};
	objectVersion = 50;
	objects = {

/* Begin PBXBuildFile section */
		F4C18AF225F3F41F00C6CC78 /* AppDelegate.m in Sources */ = {isa = PBXBuildFile; fileRef = F4C18AF125F3F41F00C6CC78 /* AppDelegate.m */; };
		F4C18AF525F3F41F00C6CC78 /* ViewController.m in Sources */ = {isa = PBXBuildFile; fileRef = F4C18AF425F3F41F00C6CC78 /* ViewController.m */; };
		F4C18AF725F3F42100C6CC78 /* Assets.xcassets in Resources */ = {isa = PBXBuildFile; fileRef = F4C18AF625F3F42100C6CC78 /* Assets.xcassets */; };
		F4C18AFA25F3F42100C6CC78 /* Main.storyboard in Resources */ = {isa = PBXBuildFile; fileRef = F4C18AF825F3F42100C6CC78 /* Main.storyboard */; };
		F4C18AFD25F3F42100C6CC78 /* main.m in Sources */ = {isa = PBXBuildFile; fileRef = F4C18AFC25F3F42100C6CC78 /* main.m */; };
/* End PBXBuildFile section */

/* Begin PBXFileReference section */
		F4C18AED25F3F41F00C6CC78 /* AppNSPopButton.app */ = {isa = PBXFileReference; explicitFileType = wrapper.application; includeInIndex = 0; path = AppNSPopButton.app; sourceTree = BUILT_PRODUCTS_DIR; };
		F4C18AF025F3F41F00C6CC78 /* AppDelegate.h */ = {isa = PBXFileReference; lastKnownFileType = sourcecode.c.h; path = AppDelegate.h; sourceTree = "<group>"; };
		F4C18AF125F3F41F00C6CC78 /* AppDelegate.m */ = {isa = PBXFileReference; lastKnownFileType = sourcecode.c.objc; path = AppDelegate.m; sourceTree = "<group>"; };
		F4C18AF325F3F41F00C6CC78 /* ViewController.h */ = {isa = PBXFileReference; lastKnownFileType = sourcecode.c.h; path = ViewController.h; sourceTree = "<group>"; };
		F4C18AF425F3F41F00C6CC78 /* ViewController.m */ = {isa = PBXFileReference; lastKnownFileType = sourcecode.c.objc; path = ViewController.m; sourceTree = "<group>"; };
		F4C18AF625F3F42100C6CC78 /* Assets.xcassets */ = {isa = PBXFileReference; lastKnownFileType = folder.assetcatalog; path = Assets.xcassets; sourceTree = "<group>"; };
		F4C18AF925F3F42100C6CC78 /* Base */ = {isa = PBXFileReference; lastKnownFileType = file.storyboard; name = Base; path = Base.lproj/Main.storyboard; sourceTree = "<group>"; };
		F4C18AFB25F3F42100C6CC78 /* Info.plist */ = {isa = PBXFileReference; lastKnownFileType = text.plist.xml; path = Info.plist; sourceTree = "<group>"; };
		F4C18AFC25F3F42100C6CC78 /* main.m */ = {isa = PBXFileReference; lastKnownFileType = sourcecode.c.objc; path = main.m; sourceTree = "<group>"; };
		F4C18AFE25F3F42100C6CC78 /* AppNSPopButton.entitlements */ = {isa = PBXFileReference; lastKnownFileType = text.plist.entitlements; path = AppNSPopButton.entitlements; sourceTree = "<group>"; };
/* End PBXFileReference section */

/* Begin PBXFrameworksBuildPhase section */
		F4C18AEA25F3F41F00C6CC78 /* Frameworks */ = {
			isa = PBXFrameworksBuildPhase;
			buildActionMask = 2147483647;
			files = (
			);
			runOnlyForDeploymentPostprocessing = 0;
		};
/* End PBXFrameworksBuildPhase section */

/* Begin PBXGroup section */
		F4C18AE425F3F41F00C6CC78 = {
			isa = PBXGroup;
			children = (
				F4C18AEF25F3F41F00C6CC78 /* AppNSPopButton */,
				F4C18AEE25F3F41F00C6CC78 /* Products */,
			);
			sourceTree = "<group>";
		};
		F4C18AEE25F3F41F00C6CC78 /* Products */ = {
			isa = PBXGroup;
			children = (
				F4C18AED25F3F41F00C6CC78 /* AppNSPopButton.app */,
			);
			name = Products;
			sourceTree = "<group>";
		};
		F4C18AEF25F3F41F00C6CC78 /* AppNSPopButton */ = {
			isa = PBXGroup;
			children = (
				F4C18AF025F3F41F00C6CC78 /* AppDelegate.h */,
				F4C18AF125F3F41F00C6CC78 /* AppDelegate.m */,
				F4C18AF325F3F41F00C6CC78 /* ViewController.h */,
				F4C18AF425F3F41F00C6CC78 /* ViewController.m */,
				F4C18AF625F3F42100C6CC78 /* Assets.xcassets */,
				F4C18AF825F3F42100C6CC78 /* Main.storyboard */,
				F4C18AFB25F3F42100C6CC78 /* Info.plist */,
				F4C18AFC25F3F42100C6CC78 /* main.m */,
				F4C18AFE25F3F42100C6CC78 /* AppNSPopButton.entitlements */,
			);
			path = AppNSPopButton;
			sourceTree = "<group>";
		};
/* End PBXGroup section */

/* Begin PBXNativeTarget section */
		F4C18AEC25F3F41F00C6CC78 /* AppNSPopButton */ = {
			isa = PBXNativeTarget;
			buildConfigurationList = F4C18B0125F3F42100C6CC78 /* Build configuration list for PBXNativeTarget "AppNSPopButton" */;
			buildPhases = (
				F4C18AE925F3F41F00C6CC78 /* Sources */,
				F4C18AEA25F3F41F00C6CC78 /* Frameworks */,
				F4C18AEB25F3F41F00C6CC78 /* Resources */,
			);
			buildRules = (
			);
			dependencies = (
			);
			name = AppNSPopButton;
			productName = AppNSPopButton;
			productReference = F4C18AED25F3F41F00C6CC78 /* AppNSPopButton.app */;
			productType = "com.apple.product-type.application";
		};
/* End PBXNativeTarget section */

/* Begin PBXProject section */
		F4C18AE525F3F41F00C6CC78 /* Project object */ = {
			isa = PBXProject;
			attributes = {
				LastUpgradeCheck = 1240;
				TargetAttributes = {
					F4C18AEC25F3F41F00C6CC78 = {
						CreatedOnToolsVersion = 12.4;
					};
				};
			};
			buildConfigurationList = F4C18AE825F3F41F00C6CC78 /* Build configuration list for PBXProject "AppNSPopButton" */;
			compatibilityVersion = "Xcode 9.3";
			developmentRegion = en;
			hasScannedForEncodings = 0;
			knownRegions = (
				en,
				Base,
			);
			mainGroup = F4C18AE425F3F41F00C6CC78;
			productRefGroup = F4C18AEE25F3F41F00C6CC78 /* Products */;
			projectDirPath = "";
			projectRoot = "";
			targets = (
				F4C18AEC25F3F41F00C6CC78 /* AppNSPopButton */,
			);
		};
/* End PBXProject section */

/* Begin PBXResourcesBuildPhase section */
		F4C18AEB25F3F41F00C6CC78 /* Resources */ = {
			isa = PBXResourcesBuildPhase;
			buildActionMask = 2147483647;
			files = (
				F4C18AF725F3F42100C6CC78 /* Assets.xcassets in Resources */,
				F4C18AFA25F3F42100C6CC78 /* Main.storyboard in Resources */,
			);
			runOnlyForDeploymentPostprocessing = 0;
		};
/* End PBXResourcesBuildPhase section */

/* Begin PBXSourcesBuildPhase section */
		F4C18AE925F3F41F00C6CC78 /* Sources */ = {
			isa = PBXSourcesBuildPhase;
			buildActionMask = 2147483647;
			files = (
				F4C18AF525F3F41F00C6CC78 /* ViewController.m in Sources */,
				F4C18AFD25F3F42100C6CC78 /* main.m in Sources */,
				F4C18AF225F3F41F00C6CC78 /* AppDelegate.m in Sources */,
			);
			runOnlyForDeploymentPostprocessing = 0;
		};
/* End PBXSourcesBuildPhase section */

/* Begin PBXVariantGroup section */
		F4C18AF825F3F42100C6CC78 /* Main.storyboard */ = {
			isa = PBXVariantGroup;
			children = (
				F4C18AF925F3F42100C6CC78 /* Base */,
			);
			name = Main.storyboard;
			sourceTree = "<group>";
		};
/* End PBXVariantGroup section */

/* Begin XCBuildConfiguration section */
		F4C18AFF25F3F42100C6CC78 /* Debug */ = {
			isa = XCBuildConfiguration;
			buildSettings = {
				ALWAYS_SEARCH_USER_PATHS = NO;
				CLANG_ANALYZER_NONNULL = YES;
				CLANG_ANALYZER_NUMBER_OBJECT_CONVERSION = YES_AGGRESSIVE;
				CLANG_CXX_LANGUAGE_STANDARD = "gnu++14";
				CLANG_CXX_LIBRARY = "libc++";
				CLANG_ENABLE_MODULES = YES;
				CLANG_ENABLE_OBJC_ARC = YES;
				CLANG_ENABLE_OBJC_WEAK = YES;
				CLANG_WARN_BLOCK_CAPTURE_AUTORELEASING = YES;
				CLANG_WARN_BOOL_CONVERSION = YES;
				CLANG_WARN_COMMA = YES;
				CLANG_WARN_CONSTANT_CONVERSION = YES;
				CLANG_WARN_DEPRECATED_OBJC_IMPLEMENTATIONS = YES;
				CLANG_WARN_DIRECT_OBJC_ISA_USAGE = YES_ERROR;
				CLANG_WARN_DOCUMENTATION_COMMENTS = YES;
				CLANG_WARN_EMPTY_BODY = YES;
				CLANG_WARN_ENUM_CONVERSION = YES;
				CLANG_WARN_INFINITE_RECURSION = YES;
				CLANG_WARN_INT_CONVERSION = YES;
				CLANG_WARN_NON_LITERAL_NULL_CONVERSION = YES;
				CLANG_WARN_OBJC_IMPLICIT_RETAIN_SELF = YES;
				CLANG_WARN_OBJC_LITERAL_CONVERSION = YES;
				CLANG_WARN_OBJC_ROOT_CLASS = YES_ERROR;
				CLANG_WARN_QUOTED_INCLUDE_IN_FRAMEWORK_HEADER = YES;
				CLANG_WARN_RANGE_LOOP_ANALYSIS = YES;
				CLANG_WARN_STRICT_PROTOTYPES = YES;
				CLANG_WARN_SUSPICIOUS_MOVE = YES;
				CLANG_WARN_UNGUARDED_AVAILABILITY = YES_AGGRESSIVE;
				CLANG_WARN_UNREACHABLE_CODE = YES;
				CLANG_WARN__DUPLICATE_METHOD_MATCH = YES;
				COPY_PHASE_STRIP = NO;
				DEBUG_INFORMATION_FORMAT = dwarf;
				ENABLE_STRICT_OBJC_MSGSEND = YES;
				ENABLE_TESTABILITY = YES;
				GCC_C_LANGUAGE_STANDARD = gnu11;
				GCC_DYNAMIC_NO_PIC = NO;
				GCC_NO_COMMON_BLOCKS = YES;
				GCC_OPTIMIZATION_LEVEL = 0;
				GCC_PREPROCESSOR_DEFINITIONS = (
					"DEBUG=1",
					"$(inherited)",
				);
				GCC_WARN_64_TO_32_BIT_CONVERSION = YES;
				GCC_WARN_ABOUT_RETURN_TYPE = YES_ERROR;
				GCC_WARN_UNDECLARED_SELECTOR = YES;
				GCC_WARN_UNINITIALIZED_AUTOS = YES_AGGRESSIVE;
				GCC_WARN_UNUSED_FUNCTION = YES;
				GCC_WARN_UNUSED_VARIABLE = YES;
				MACOSX_DEPLOYMENT_TARGET = 11.1;
				MTL_ENABLE_DEBUG_INFO = INCLUDE_SOURCE;
				MTL_FAST_MATH = YES;
				ONLY_ACTIVE_ARCH = YES;
				SDKROOT = macosx;
			};
			name = Debug;
		};
		F4C18B0025F3F42100C6CC78 /* Release */ = {
			isa = XCBuildConfiguration;
			buildSettings = {
				ALWAYS_SEARCH_USER_PATHS = NO;
				CLANG_ANALYZER_NONNULL = YES;
				CLANG_ANALYZER_NUMBER_OBJECT_CONVERSION = YES_AGGRESSIVE;
				CLANG_CXX_LANGUAGE_STANDARD = "gnu++14";
				CLANG_CXX_LIBRARY = "libc++";
				CLANG_ENABLE_MODULES = YES;
				CLANG_ENABLE_OBJC_ARC = YES;
				CLANG_ENABLE_OBJC_WEAK = YES;
				CLANG_WARN_BLOCK_CAPTURE_AUTORELEASING = YES;
				CLANG_WARN_BOOL_CONVERSION = YES;
				CLANG_WARN_COMMA = YES;
				CLANG_WARN_CONSTANT_CONVERSION = YES;
				CLANG_WARN_DEPRECATED_OBJC_IMPLEMENTATIONS = YES;
				CLANG_WARN_DIRECT_OBJC_ISA_USAGE = YES_ERROR;
				CLANG_WARN_DOCUMENTATION_COMMENTS = YES;
				CLANG_WARN_EMPTY_BODY = YES;
				CLANG_WARN_ENUM_CONVERSION = YES;
				CLANG_WARN_INFINITE_RECURSION = YES;
				CLANG_WARN_INT_CONVERSION = YES;
				CLANG_WARN_NON_LITERAL_NULL_CONVERSION = YES;
				CLANG_WARN_OBJC_IMPLICIT_RETAIN_SELF = YES;
				CLANG_WARN_OBJC_LITERAL_CONVERSION = YES;
				CLANG_WARN_OBJC_ROOT_CLASS = YES_ERROR;
				CLANG_WARN_QUOTED_INCLUDE_IN_FRAMEWORK_HEADER = YES;
				CLANG_WARN_RANGE_LOOP_ANALYSIS = YES;
				CLANG_WARN_STRICT_PROTOTYPES = YES;
				CLANG_WARN_SUSPICIOUS_MOVE = YES;
				CLANG_WARN_UNGUARDED_AVAILABILITY = YES_AGGRESSIVE;
				CLANG_WARN_UNREACHABLE_CODE = YES;
				CLANG_WARN__DUPLICATE_METHOD_MATCH = YES;
				COPY_PHASE_STRIP = NO;
				DEBUG_INFORMATION_FORMAT = "dwarf-with-dsym";
				ENABLE_NS_ASSERTIONS = NO;
				ENABLE_STRICT_OBJC_MSGSEND = YES;
				GCC_C_LANGUAGE_STANDARD = gnu11;
				GCC_NO_COMMON_BLOCKS = YES;
				GCC_WARN_64_TO_32_BIT_CONVERSION = YES;
				GCC_WARN_ABOUT_RETURN_TYPE = YES_ERROR;
				GCC_WARN_UNDECLARED_SELECTOR = YES;
				GCC_WARN_UNINITIALIZED_AUTOS = YES_AGGRESSIVE;
				GCC_WARN_UNUSED_FUNCTION = YES;
				GCC_WARN_UNUSED_VARIABLE = YES;
				MACOSX_DEPLOYMENT_TARGET = 11.1;
				MTL_ENABLE_DEBUG_INFO = NO;
				MTL_FAST_MATH = YES;
				SDKROOT = macosx;
			};
			name = Release;
		};
		F4C18B0225F3F42100C6CC78 /* Debug */ = {
			isa = XCBuildConfiguration;
			buildSettings = {
				ASSETCATALOG_COMPILER_APPICON_NAME = AppIcon;
				ASSETCATALOG_COMPILER_GLOBAL_ACCENT_COLOR_NAME = AccentColor;
				CODE_SIGN_ENTITLEMENTS = AppNSPopButton/AppNSPopButton.entitlements;
				CODE_SIGN_STYLE = Automatic;
				COMBINE_HIDPI_IMAGES = YES;
				INFOPLIST_FILE = AppNSPopButton/Info.plist;
				LD_RUNPATH_SEARCH_PATHS = (
					"$(inherited)",
					"@executable_path/../Frameworks",
				);
				PRODUCT_BUNDLE_IDENTIFIER = com.mpalomino.AppNSPopButton;
				PRODUCT_NAME = "$(TARGET_NAME)";
			};
			name = Debug;
		};
		F4C18B0325F3F42100C6CC78 /* Release */ = {
			isa = XCBuildConfiguration;
			buildSettings = {
				ASSETCATALOG_COMPILER_APPICON_NAME = AppIcon;
				ASSETCATALOG_COMPILER_GLOBAL_ACCENT_COLOR_NAME = AccentColor;
				CODE_SIGN_ENTITLEMENTS = AppNSPopButton/AppNSPopButton.entitlements;
				CODE_SIGN_STYLE = Automatic;
				COMBINE_HIDPI_IMAGES = YES;
				INFOPLIST_FILE = AppNSPopButton/Info.plist;
				LD_RUNPATH_SEARCH_PATHS = (
					"$(inherited)",
					"@executable_path/../Frameworks",
				);
				PRODUCT_BUNDLE_IDENTIFIER = com.mpalomino.AppNSPopButton;
				PRODUCT_NAME = "$(TARGET_NAME)";
			};
			name = Release;
		};
/* End XCBuildConfiguration section */

/* Begin XCConfigurationList section */
		F4C18AE825F3F41F00C6CC78 /* Build configuration list for PBXProject "AppNSPopButton" */ = {
			isa = XCConfigurationList;
			buildConfigurations = (
				F4C18AFF25F3F42100C6CC78 /* Debug */,
				F4C18B0025F3F42100C6CC78 /* Release */,
			);
			defaultConfigurationIsVisible = 0;
			defaultConfigurationName = Release;
		};
		F4C18B0125F3F42100C6CC78 /* Build configuration list for PBXNativeTarget "AppNSPopButton" */ = {
			isa = XCConfigurationList;
			buildConfigurations = (
				F4C18B0225F3F42100C6CC78 /* Debug */,
				F4C18B0325F3F42100C6CC78 /* Release */,
			);
			defaultConfigurationIsVisible = 0;
			defaultConfigurationName = Release;
		};
/* End XCConfigurationList section */
	};
	rootObject = F4C18AE525F3F41F00C6CC78 /* Project object */;
}
